
Microsoft Visual Studio Solution File, Format Version 12.00
# Visual Studio Version 16
VisualStudioVersion = 16.0.31313.79
MinimumVisualStudioVersion = 10.0.40219.1
Project("{FAE04EC0-301F-11D3-BF4B-00C04F79EFBC}") = "ProductoFx", "ProductoFx\ProductoFx.csproj", "{192BEAD9-1FB8-4D06-BC94-ADF70643D0B6}"
EndProject
Global
	GlobalSection(SolutionConfigurationPlatforms) = preSolution
		Debug|Any CPU = Debug|Any CPU
		Release|Any CPU = Release|Any CPU
	EndGlobalSection
	GlobalSection(ProjectConfigurationPlatforms) = postSolution
		{192BEAD9-1FB8-4D06-BC94-ADF70643D0B6}.Debug|Any CPU.ActiveCfg = Debug|Any CPU
		{192BEAD9-1FB8-4D06-BC94-ADF70643D0B6}.Debug|Any CPU.Build.0 = Debug|Any CPU
		{192BEAD9-1FB8-4D06-BC94-ADF70643D0B6}.Release|Any CPU.ActiveCfg = Release|Any CPU
		{192BEAD9-1FB8-4D06-BC94-ADF70643D0B6}.Release|Any CPU.Build.0 = Release|Any CPU
	EndGlobalSection
	GlobalSection(SolutionProperties) = preSolution
		HideSolutionNode = FALSE
	EndGlobalSection
	GlobalSection(ExtensibilityGlobals) = postSolution
		SolutionGuid = {C7934119-A756-4C31-9FA9-32203CD22AA4}
	EndGlobalSection
EndGlobal
